
Microsoft Visual Studio Solution File, Format Version 12.00
# Visual Studio 15
VisualStudioVersion = 15.0.26730.12
MinimumVisualStudioVersion = 10.0.40219.1
Project("{FAE04EC0-301F-11D3-BF4B-00C04F79EFBC}") = "XltrailClient", "XltrailClient\XltrailClient.csproj", "{3704BBB0-56EF-4963-AD2F-FD3BBDD71762}"
EndProject
Project("{FAE04EC0-301F-11D3-BF4B-00C04F79EFBC}") = "XltrailClientTest", "XltrailClientTest\XltrailClientTest.csproj", "{B5E08080-5637-44E8-B320-91BAD82F468E}"
EndProject
Project("{2150E333-8FDC-42A3-9474-1A3956D46DE8}") = "Solution Items", "Solution Items", "{E972C3E6-4E2D-47CC-A4B6-810F6832E4ED}"
	ProjectSection(SolutionItems) = preProject
		.gitignore = .gitignore
		git-xltrail-logo.ico = git-xltrail-logo.ico
		installer.iss = installer.iss
		LICENSE.md = LICENSE.md
	EndProjectSection
EndProject
Global
	GlobalSection(SolutionConfigurationPlatforms) = preSolution
		Debug|Any CPU = Debug|Any CPU
		Debug|x86 = Debug|x86
		Release|Any CPU = Release|Any CPU
		Release|x86 = Release|x86
	EndGlobalSection
	GlobalSection(ProjectConfigurationPlatforms) = postSolution
		{3704BBB0-56EF-4963-AD2F-FD3BBDD71762}.Debug|Any CPU.ActiveCfg = Debug|Any CPU
		{3704BBB0-56EF-4963-AD2F-FD3BBDD71762}.Debug|Any CPU.Build.0 = Debug|Any CPU
		{3704BBB0-56EF-4963-AD2F-FD3BBDD71762}.Debug|x86.ActiveCfg = Debug|Any CPU
		{3704BBB0-56EF-4963-AD2F-FD3BBDD71762}.Debug|x86.Build.0 = Debug|Any CPU
		{3704BBB0-56EF-4963-AD2F-FD3BBDD71762}.Release|Any CPU.ActiveCfg = Release|Any CPU
		{3704BBB0-56EF-4963-AD2F-FD3BBDD71762}.Release|Any CPU.Build.0 = Release|Any CPU
		{3704BBB0-56EF-4963-AD2F-FD3BBDD71762}.Release|x86.ActiveCfg = Release|Any CPU
		{3704BBB0-56EF-4963-AD2F-FD3BBDD71762}.Release|x86.Build.0 = Release|Any CPU
		{B5E08080-5637-44E8-B320-91BAD82F468E}.Debug|Any CPU.ActiveCfg = Debug|Any CPU
		{B5E08080-5637-44E8-B320-91BAD82F468E}.Debug|Any CPU.Build.0 = Debug|Any CPU
		{B5E08080-5637-44E8-B320-91BAD82F468E}.Debug|x86.ActiveCfg = Debug|Any CPU
		{B5E08080-5637-44E8-B320-91BAD82F468E}.Debug|x86.Build.0 = Debug|Any CPU
		{B5E08080-5637-44E8-B320-91BAD82F468E}.Release|Any CPU.ActiveCfg = Release|Any CPU
		{B5E08080-5637-44E8-B320-91BAD82F468E}.Release|Any CPU.Build.0 = Release|Any CPU
		{B5E08080-5637-44E8-B320-91BAD82F468E}.Release|x86.ActiveCfg = Release|Any CPU
		{B5E08080-5637-44E8-B320-91BAD82F468E}.Release|x86.Build.0 = Release|Any CPU
	EndGlobalSection
	GlobalSection(SolutionProperties) = preSolution
		HideSolutionNode = FALSE
	EndGlobalSection
	GlobalSection(ExtensibilityGlobals) = postSolution
		SolutionGuid = {CEA2905C-4A0D-47BA-89BB-DC1CDA0AC4B9}
	EndGlobalSection
EndGlobal
